github.com/blacked/go-zabbix v0.0.0-20170118040903-3c6a95ec4fdc h1:Ati6LK4Cd96ZjshZWdVSNq8e8E13krbSMskWJHfXpB4=
github.com/blacked/go-zabbix v0.0.0-20170118040903-3c6a95ec4fdc/go.mod h1:MQFa+aV+n8IIKW8TvMLPCoq/HemkprtE8qU+pf8wXNo=
github.com/jimlawless/cfg v0.0.0-20160326141742-136e0c264d31 h1:bg4oHsGjsPxX869hm28e/vWbjemDGB6b9PwINRtnEkE=
github.com/jimlawless/cfg v0.0.0-20160326141742-136e0c264d31/go.mod h1:9qhdPWwVn7/FE1L4TF4rMIix5Lyx8ip5WnHpQ3RiPFk=
